// !$*UTF8*$!
{
	archiveVersion = 1;
	classes = {
	};
	objectVersion = 54;
	objects = {

/* Begin PBXBuildFile section */
		39A461C079D66DF9F88B7C47 /* libPods-RedditClient.a in Frameworks */ = {isa = PBXBuildFile; fileRef = DE8271A140BF5A2AE8545F2E /* libPods-RedditClient.a */; };
		861BCCE025BBB046005A88C8 /* Post.swift in Sources */ = {isa = PBXBuildFile; fileRef = 861BCCDF25BBB046005A88C8 /* Post.swift */; };
		861BCCE525BBB054005A88C8 /* ErrorHandling.swift in Sources */ = {isa = PBXBuildFile; fileRef = 861BCCE425BBB054005A88C8 /* ErrorHandling.swift */; };
		862EA02225BC2962003603B3 /* RedditPostsList.swift in Sources */ = {isa = PBXBuildFile; fileRef = 862EA01E25BC2962003603B3 /* RedditPostsList.swift */; };
		862EA02325BC2962003603B3 /* RedditPostsViewModel.swift in Sources */ = {isa = PBXBuildFile; fileRef = 862EA01F25BC2962003603B3 /* RedditPostsViewModel.swift */; };
		862EA02425BC2962003603B3 /* RedditPostsRow.swift in Sources */ = {isa = PBXBuildFile; fileRef = 862EA02025BC2962003603B3 /* RedditPostsRow.swift */; };
		862EA02525BC2962003603B3 /* RedditPost.swift in Sources */ = {isa = PBXBuildFile; fileRef = 862EA02125BC2962003603B3 /* RedditPost.swift */; };
		8649059B25BB657900D7CF75 /* RedditClientApp.swift in Sources */ = {isa = PBXBuildFile; fileRef = 8649059A25BB657900D7CF75 /* RedditClientApp.swift */; };
		8649059D25BB657900D7CF75 /* ContentView.swift in Sources */ = {isa = PBXBuildFile; fileRef = 8649059C25BB657900D7CF75 /* ContentView.swift */; };
		8649059F25BB657C00D7CF75 /* Assets.xcassets in Resources */ = {isa = PBXBuildFile; fileRef = 8649059E25BB657C00D7CF75 /* Assets.xcassets */; };
		864905A225BB657C00D7CF75 /* Preview Assets.xcassets in Resources */ = {isa = PBXBuildFile; fileRef = 864905A125BB657C00D7CF75 /* Preview Assets.xcassets */; };
		864905AD25BB657C00D7CF75 /* RedditClientTests.swift in Sources */ = {isa = PBXBuildFile; fileRef = 864905AC25BB657C00D7CF75 /* RedditClientTests.swift */; };
		864905B825BB657C00D7CF75 /* RedditClientUITests.swift in Sources */ = {isa = PBXBuildFile; fileRef = 864905B725BB657C00D7CF75 /* RedditClientUITests.swift */; };
		86A84ACD25BC288D000D1F9C /* LoginViewModel.swift in Sources */ = {isa = PBXBuildFile; fileRef = 86A84ACC25BC288D000D1F9C /* LoginViewModel.swift */; };
		86A84AD525BC2898000D1F9C /* LoginView.swift in Sources */ = {isa = PBXBuildFile; fileRef = 86A84AD425BC2898000D1F9C /* LoginView.swift */; };
/* End PBXBuildFile section */

/* Begin PBXContainerItemProxy section */
		864905A925BB657C00D7CF75 /* PBXContainerItemProxy */ = {
			isa = PBXContainerItemProxy;
			containerPortal = 8649058F25BB657800D7CF75 /* Project object */;
			proxyType = 1;
			remoteGlobalIDString = 8649059625BB657800D7CF75;
			remoteInfo = redditClient;
		};
		864905B425BB657C00D7CF75 /* PBXContainerItemProxy */ = {
			isa = PBXContainerItemProxy;
			containerPortal = 8649058F25BB657800D7CF75 /* Project object */;
			proxyType = 1;
			remoteGlobalIDString = 8649059625BB657800D7CF75;
			remoteInfo = redditClient;
		};
/* End PBXContainerItemProxy section */

/* Begin PBXFileReference section */
		618AE3B5646DD53BD72D74C8 /* Pods-redditClient.debug.xcconfig */ = {isa = PBXFileReference; includeInIndex = 1; lastKnownFileType = text.xcconfig; name = "Pods-redditClient.debug.xcconfig"; path = "Target Support Files/Pods-redditClient/Pods-redditClient.debug.xcconfig"; sourceTree = "<group>"; };
		70BEA3AAADDB6E8BF146EDF1 /* Pods-redditClient.release.xcconfig */ = {isa = PBXFileReference; includeInIndex = 1; lastKnownFileType = text.xcconfig; name = "Pods-redditClient.release.xcconfig"; path = "Target Support Files/Pods-redditClient/Pods-redditClient.release.xcconfig"; sourceTree = "<group>"; };
		78F74D1AC1DB27000537A53E /* Pods-RedditClient.release.xcconfig */ = {isa = PBXFileReference; includeInIndex = 1; lastKnownFileType = text.xcconfig; name = "Pods-RedditClient.release.xcconfig"; path = "Target Support Files/Pods-RedditClient/Pods-RedditClient.release.xcconfig"; sourceTree = "<group>"; };
		861BCCDF25BBB046005A88C8 /* Post.swift */ = {isa = PBXFileReference; lastKnownFileType = sourcecode.swift; name = Post.swift; path = ../../../RedditClient/RedditClient/RedditClient/Post.swift; sourceTree = "<group>"; };
		861BCCE425BBB054005A88C8 /* ErrorHandling.swift */ = {isa = PBXFileReference; lastKnownFileType = sourcecode.swift; name = ErrorHandling.swift; path = ../../../../RedditClient/RedditClient/RedditClient/Utils/ErrorHandling.swift; sourceTree = "<group>"; };
		862EA01E25BC2962003603B3 /* RedditPostsList.swift */ = {isa = PBXFileReference; fileEncoding = 4; lastKnownFileType = sourcecode.swift; name = RedditPostsList.swift; path = ../../../../RedditClient/RedditClient/RedditClient/Posts/RedditPostsList.swift; sourceTree = "<group>"; };
		862EA01F25BC2962003603B3 /* RedditPostsViewModel.swift */ = {isa = PBXFileReference; fileEncoding = 4; lastKnownFileType = sourcecode.swift; name = RedditPostsViewModel.swift; path = ../../../../RedditClient/RedditClient/RedditClient/Posts/RedditPostsViewModel.swift; sourceTree = "<group>"; };
		862EA02025BC2962003603B3 /* RedditPostsRow.swift */ = {isa = PBXFileReference; fileEncoding = 4; lastKnownFileType = sourcecode.swift; name = RedditPostsRow.swift; path = ../../../../RedditClient/RedditClient/RedditClient/Posts/RedditPostsRow.swift; sourceTree = "<group>"; };
		862EA02125BC2962003603B3 /* RedditPost.swift */ = {isa = PBXFileReference; fileEncoding = 4; lastKnownFileType = sourcecode.swift; name = RedditPost.swift; path = ../../../../RedditClient/RedditClient/RedditClient/Posts/RedditPost.swift; sourceTree = "<group>"; };
		8649059725BB657900D7CF75 /* RedditClient.app */ = {isa = PBXFileReference; explicitFileType = wrapper.application; includeInIndex = 0; path = RedditClient.app; sourceTree = BUILT_PRODUCTS_DIR; };
		8649059A25BB657900D7CF75 /* RedditClientApp.swift */ = {isa = PBXFileReference; lastKnownFileType = sourcecode.swift; path = RedditClientApp.swift; sourceTree = "<group>"; };
		8649059C25BB657900D7CF75 /* ContentView.swift */ = {isa = PBXFileReference; lastKnownFileType = sourcecode.swift; path = ContentView.swift; sourceTree = "<group>"; };
		8649059E25BB657C00D7CF75 /* Assets.xcassets */ = {isa = PBXFileReference; lastKnownFileType = folder.assetcatalog; path = Assets.xcassets; sourceTree = "<group>"; };
		864905A125BB657C00D7CF75 /* Preview Assets.xcassets */ = {isa = PBXFileReference; lastKnownFileType = folder.assetcatalog; path = "Preview Assets.xcassets"; sourceTree = "<group>"; };
		864905A325BB657C00D7CF75 /* Info.plist */ = {isa = PBXFileReference; lastKnownFileType = text.plist.xml; path = Info.plist; sourceTree = "<group>"; };
		864905A825BB657C00D7CF75 /* RedditClientTests.xctest */ = {isa = PBXFileReference; explicitFileType = wrapper.cfbundle; includeInIndex = 0; path = RedditClientTests.xctest; sourceTree = BUILT_PRODUCTS_DIR; };
		864905AC25BB657C00D7CF75 /* RedditClientTests.swift */ = {isa = PBXFileReference; lastKnownFileType = sourcecode.swift; path = RedditClientTests.swift; sourceTree = "<group>"; };
		864905AE25BB657C00D7CF75 /* Info.plist */ = {isa = PBXFileReference; lastKnownFileType = text.plist.xml; path = Info.plist; sourceTree = "<group>"; };
		864905B325BB657C00D7CF75 /* RedditClientUITests.xctest */ = {isa = PBXFileReference; explicitFileType = wrapper.cfbundle; includeInIndex = 0; path = RedditClientUITests.xctest; sourceTree = BUILT_PRODUCTS_DIR; };
		864905B725BB657C00D7CF75 /* RedditClientUITests.swift */ = {isa = PBXFileReference; lastKnownFileType = sourcecode.swift; path = RedditClientUITests.swift; sourceTree = "<group>"; };
		864905B925BB657C00D7CF75 /* Info.plist */ = {isa = PBXFileReference; lastKnownFileType = text.plist.xml; path = Info.plist; sourceTree = "<group>"; };
		86A84ACC25BC288D000D1F9C /* LoginViewModel.swift */ = {isa = PBXFileReference; lastKnownFileType = sourcecode.swift; name = LoginViewModel.swift; path = ../../../../RedditClient/RedditClient/RedditClient/Login/LoginViewModel.swift; sourceTree = "<group>"; };
		86A84AD425BC2898000D1F9C /* LoginView.swift */ = {isa = PBXFileReference; lastKnownFileType = sourcecode.swift; name = LoginView.swift; path = ../../../../RedditClient/RedditClient/RedditClient/Login/LoginView.swift; sourceTree = "<group>"; };
		C7678927B454F479E50AE8B8 /* Pods-RedditClient.debug.xcconfig */ = {isa = PBXFileReference; includeInIndex = 1; lastKnownFileType = text.xcconfig; name = "Pods-RedditClient.debug.xcconfig"; path = "Target Support Files/Pods-RedditClient/Pods-RedditClient.debug.xcconfig"; sourceTree = "<group>"; };
		DE8271A140BF5A2AE8545F2E /* libPods-RedditClient.a */ = {isa = PBXFileReference; explicitFileType = archive.ar; includeInIndex = 0; path = "libPods-RedditClient.a"; sourceTree = BUILT_PRODUCTS_DIR; };
/* End PBXFileReference section */

/* Begin PBXFrameworksBuildPhase section */
		8649059425BB657800D7CF75 /* Frameworks */ = {
			isa = PBXFrameworksBuildPhase;
			buildActionMask = 2147483647;
			files = (
				39A461C079D66DF9F88B7C47 /* libPods-RedditClient.a in Frameworks */,
			);
			runOnlyForDeploymentPostprocessing = 0;
		};
		864905A525BB657C00D7CF75 /* Frameworks */ = {
			isa = PBXFrameworksBuildPhase;
			buildActionMask = 2147483647;
			files = (
			);
			runOnlyForDeploymentPostprocessing = 0;
		};
		864905B025BB657C00D7CF75 /* Frameworks */ = {
			isa = PBXFrameworksBuildPhase;
			buildActionMask = 2147483647;
			files = (
			);
			runOnlyForDeploymentPostprocessing = 0;
		};
/* End PBXFrameworksBuildPhase section */

/* Begin PBXGroup section */
		861BCCC725BBAF5E005A88C8 /* Model */ = {
			isa = PBXGroup;
			children = (
				861BCCDF25BBB046005A88C8 /* Post.swift */,
			);
			name = Model;
			sourceTree = "<group>";
		};
		861BCCC825BBAF66005A88C8 /* Utils */ = {
			isa = PBXGroup;
			children = (
				861BCCE425BBB054005A88C8 /* ErrorHandling.swift */,
			);
			path = Utils;
			sourceTree = "<group>";
		};
		861BCCC925BBAFE7005A88C8 /* Posts */ = {
			isa = PBXGroup;
			children = (
				862EA02125BC2962003603B3 /* RedditPost.swift */,
				862EA01E25BC2962003603B3 /* RedditPostsList.swift */,
				862EA02025BC2962003603B3 /* RedditPostsRow.swift */,
				862EA01F25BC2962003603B3 /* RedditPostsViewModel.swift */,
			);
			path = Posts;
			sourceTree = "<group>";
		};
		8649058E25BB657800D7CF75 = {
			isa = PBXGroup;
			children = (
				8649059925BB657900D7CF75 /* RedditClient */,
				864905AB25BB657C00D7CF75 /* RedditClientTests */,
				864905B625BB657C00D7CF75 /* RedditClientUITests */,
				8649059825BB657900D7CF75 /* Products */,
				C2AC165B627B20F8E2DE1F51 /* Pods */,
				DFECE574985DFC5D7D76D26B /* Frameworks */,
			);
			sourceTree = "<group>";
		};
		8649059825BB657900D7CF75 /* Products */ = {
			isa = PBXGroup;
			children = (
				8649059725BB657900D7CF75 /* RedditClient.app */,
				864905A825BB657C00D7CF75 /* RedditClientTests.xctest */,
				864905B325BB657C00D7CF75 /* RedditClientUITests.xctest */,
			);
			name = Products;
			sourceTree = "<group>";
		};
		8649059925BB657900D7CF75 /* RedditClient */ = {
			isa = PBXGroup;
			children = (
				86A84ACB25BC2870000D1F9C /* Login */,
				861BCCC925BBAFE7005A88C8 /* Posts */,
				861BCCC825BBAF66005A88C8 /* Utils */,
				861BCCC725BBAF5E005A88C8 /* Model */,
				8649059A25BB657900D7CF75 /* RedditClientApp.swift */,
				8649059C25BB657900D7CF75 /* ContentView.swift */,
				8649059E25BB657C00D7CF75 /* Assets.xcassets */,
				864905A325BB657C00D7CF75 /* Info.plist */,
				864905A025BB657C00D7CF75 /* Preview Content */,
			);
			path = RedditClient;
			sourceTree = "<group>";
		};
		864905A025BB657C00D7CF75 /* Preview Content */ = {
			isa = PBXGroup;
			children = (
				864905A125BB657C00D7CF75 /* Preview Assets.xcassets */,
			);
			path = "Preview Content";
			sourceTree = "<group>";
		};
		864905AB25BB657C00D7CF75 /* RedditClientTests */ = {
			isa = PBXGroup;
			children = (
				864905AC25BB657C00D7CF75 /* RedditClientTests.swift */,
				864905AE25BB657C00D7CF75 /* Info.plist */,
			);
			path = RedditClientTests;
			sourceTree = "<group>";
		};
		864905B625BB657C00D7CF75 /* RedditClientUITests */ = {
			isa = PBXGroup;
			children = (
				864905B725BB657C00D7CF75 /* RedditClientUITests.swift */,
				864905B925BB657C00D7CF75 /* Info.plist */,
			);
			path = RedditClientUITests;
			sourceTree = "<group>";
		};
		86A84ACB25BC2870000D1F9C /* Login */ = {
			isa = PBXGroup;
			children = (
				86A84ACC25BC288D000D1F9C /* LoginViewModel.swift */,
				86A84AD425BC2898000D1F9C /* LoginView.swift */,
			);
			path = Login;
			sourceTree = "<group>";
		};
		C2AC165B627B20F8E2DE1F51 /* Pods */ = {
			isa = PBXGroup;
			children = (
				618AE3B5646DD53BD72D74C8 /* Pods-redditClient.debug.xcconfig */,
				70BEA3AAADDB6E8BF146EDF1 /* Pods-redditClient.release.xcconfig */,
				C7678927B454F479E50AE8B8 /* Pods-RedditClient.debug.xcconfig */,
				78F74D1AC1DB27000537A53E /* Pods-RedditClient.release.xcconfig */,
			);
			path = Pods;
			sourceTree = "<group>";
		};
		DFECE574985DFC5D7D76D26B /* Frameworks */ = {
			isa = PBXGroup;
			children = (
				DE8271A140BF5A2AE8545F2E /* libPods-RedditClient.a */,
			);
			name = Frameworks;
			sourceTree = "<group>";
		};
/* End PBXGroup section */

/* Begin PBXNativeTarget section */
		8649059625BB657800D7CF75 /* RedditClient */ = {
			isa = PBXNativeTarget;
			buildConfigurationList = 864905BC25BB657C00D7CF75 /* Build configuration list for PBXNativeTarget "RedditClient" */;
			buildPhases = (
				A1D5FE57E6C23BC178071B05 /* [CP] Check Pods Manifest.lock */,
				860867DE25BB77C10055AB6D /* R.swift */,
				86A517B625BC373B0039A0A2 /* SwiftFormat */,
				8649059325BB657800D7CF75 /* Sources */,
				8649059425BB657800D7CF75 /* Frameworks */,
				8649059525BB657800D7CF75 /* Resources */,
				864905CA25BB667000D7CF75 /* Run SwiftLint */,
			);
			buildRules = (
			);
			dependencies = (
			);
			name = RedditClient;
			productName = redditClient;
			productReference = 8649059725BB657900D7CF75 /* RedditClient.app */;
			productType = "com.apple.product-type.application";
		};
		864905A725BB657C00D7CF75 /* RedditClientTests */ = {
			isa = PBXNativeTarget;
			buildConfigurationList = 864905BF25BB657C00D7CF75 /* Build configuration list for PBXNativeTarget "RedditClientTests" */;
			buildPhases = (
				864905A425BB657C00D7CF75 /* Sources */,
				864905A525BB657C00D7CF75 /* Frameworks */,
				864905A625BB657C00D7CF75 /* Resources */,
			);
			buildRules = (
			);
			dependencies = (
				864905AA25BB657C00D7CF75 /* PBXTargetDependency */,
			);
			name = RedditClientTests;
			productName = redditClientTests;
			productReference = 864905A825BB657C00D7CF75 /* RedditClientTests.xctest */;
			productType = "com.apple.product-type.bundle.unit-test";
		};
		864905B225BB657C00D7CF75 /* RedditClientUITests */ = {
			isa = PBXNativeTarget;
			buildConfigurationList = 864905C225BB657C00D7CF75 /* Build configuration list for PBXNativeTarget "RedditClientUITests" */;
			buildPhases = (
				864905AF25BB657C00D7CF75 /* Sources */,
				864905B025BB657C00D7CF75 /* Frameworks */,
				864905B125BB657C00D7CF75 /* Resources */,
			);
			buildRules = (
			);
			dependencies = (
				864905B525BB657C00D7CF75 /* PBXTargetDependency */,
			);
			name = RedditClientUITests;
			productName = redditClientUITests;
			productReference = 864905B325BB657C00D7CF75 /* RedditClientUITests.xctest */;
			productType = "com.apple.product-type.bundle.ui-testing";
		};
/* End PBXNativeTarget section */

/* Begin PBXProject section */
		8649058F25BB657800D7CF75 /* Project object */ = {
			isa = PBXProject;
			attributes = {
				LastSwiftUpdateCheck = 1230;
				LastUpgradeCheck = 1230;
				TargetAttributes = {
					8649059625BB657800D7CF75 = {
						CreatedOnToolsVersion = 12.3;
					};
					864905A725BB657C00D7CF75 = {
						CreatedOnToolsVersion = 12.3;
						TestTargetID = 8649059625BB657800D7CF75;
					};
					864905B225BB657C00D7CF75 = {
						CreatedOnToolsVersion = 12.3;
						TestTargetID = 8649059625BB657800D7CF75;
					};
				};
			};
			buildConfigurationList = 8649059225BB657800D7CF75 /* Build configuration list for PBXProject "RedditClient" */;
			compatibilityVersion = "Xcode 9.3";
			developmentRegion = en;
			hasScannedForEncodings = 0;
			knownRegions = (
				en,
				Base,
			);
			mainGroup = 8649058E25BB657800D7CF75;
			productRefGroup = 8649059825BB657900D7CF75 /* Products */;
			projectDirPath = "";
			projectRoot = "";
			targets = (
				8649059625BB657800D7CF75 /* RedditClient */,
				864905A725BB657C00D7CF75 /* RedditClientTests */,
				864905B225BB657C00D7CF75 /* RedditClientUITests */,
			);
		};
/* End PBXProject section */

/* Begin PBXResourcesBuildPhase section */
		8649059525BB657800D7CF75 /* Resources */ = {
			isa = PBXResourcesBuildPhase;
			buildActionMask = 2147483647;
			files = (
				864905A225BB657C00D7CF75 /* Preview Assets.xcassets in Resources */,
				8649059F25BB657C00D7CF75 /* Assets.xcassets in Resources */,
			);
			runOnlyForDeploymentPostprocessing = 0;
		};
		864905A625BB657C00D7CF75 /* Resources */ = {
			isa = PBXResourcesBuildPhase;
			buildActionMask = 2147483647;
			files = (
			);
			runOnlyForDeploymentPostprocessing = 0;
		};
		864905B125BB657C00D7CF75 /* Resources */ = {
			isa = PBXResourcesBuildPhase;
			buildActionMask = 2147483647;
			files = (
			);
			runOnlyForDeploymentPostprocessing = 0;
		};
/* End PBXResourcesBuildPhase section */

/* Begin PBXShellScriptBuildPhase section */
		860867DE25BB77C10055AB6D /* R.swift */ = {
			isa = PBXShellScriptBuildPhase;
			alwaysOutOfDate = 1;
			buildActionMask = 2147483647;
			files = (
			);
			inputFileListPaths = (
			);
			inputPaths = (
				"$TEMP_DIR/rswift-lastrun",
			);
			name = R.swift;
			outputFileListPaths = (
			);
			outputPaths = (
				"$SRCROOT/R.generated.swift",
			);
			runOnlyForDeploymentPostprocessing = 0;
			shellPath = /bin/sh;
			shellScript = "# Type a script or drag a script file from your workspace to insert its path.\n\"$PODS_ROOT/R.swift/rswift\" generate \"$SRCROOT/R.generated.swift\"\n";
		};
		864905CA25BB667000D7CF75 /* Run SwiftLint */ = {
			isa = PBXShellScriptBuildPhase;
			buildActionMask = 12;
			files = (
			);
			inputFileListPaths = (
			);
			inputPaths = (
			);
			name = "Run SwiftLint";
			outputFileListPaths = (
			);
			outputPaths = (
			);
			runOnlyForDeploymentPostprocessing = 0;
			shellPath = /bin/sh;
			shellScript = "# Type a script or drag a script file from your workspace to insert its path.\nif [ -z \"$CI\" ]; then\n    ${PODS_ROOT}/SwiftLint/swiftlint\nfi\n";
		};
		86A517B625BC373B0039A0A2 /* SwiftFormat */ = {
			isa = PBXShellScriptBuildPhase;
			buildActionMask = 2147483647;
			files = (
			);
			inputFileListPaths = (
			);
			inputPaths = (
			);
			name = SwiftFormat;
			outputFileListPaths = (
			);
			outputPaths = (
			);
			runOnlyForDeploymentPostprocessing = 0;
			shellPath = /bin/sh;
			shellScript = "# Type a script or drag a script file from your workspace to insert its path.\n\"${PODS_ROOT}/SwiftFormat/CommandLineTool/swiftformat\" \"$SRCROOT\"\n";
		};
		A1D5FE57E6C23BC178071B05 /* [CP] Check Pods Manifest.lock */ = {
			isa = PBXShellScriptBuildPhase;
			buildActionMask = 2147483647;
			files = (
			);
			inputFileListPaths = (
			);
			inputPaths = (
				"${PODS_PODFILE_DIR_PATH}/Podfile.lock",
				"${PODS_ROOT}/Manifest.lock",
			);
			name = "[CP] Check Pods Manifest.lock";
			outputFileListPaths = (
			);
			outputPaths = (
				"$(DERIVED_FILE_DIR)/Pods-RedditClient-checkManifestLockResult.txt",
			);
			runOnlyForDeploymentPostprocessing = 0;
			shellPath = /bin/sh;
			shellScript = "diff \"${PODS_PODFILE_DIR_PATH}/Podfile.lock\" \"${PODS_ROOT}/Manifest.lock\" > /dev/null\nif [ $? != 0 ] ; then\n    # print error to STDERR\n    echo \"error: The sandbox is not in sync with the Podfile.lock. Run 'pod install' or update your CocoaPods installation.\" >&2\n    exit 1\nfi\n# This output is used by Xcode 'outputs' to avoid re-running this script phase.\necho \"SUCCESS\" > \"${SCRIPT_OUTPUT_FILE_0}\"\n";
			showEnvVarsInLog = 0;
		};
/* End PBXShellScriptBuildPhase section */

/* Begin PBXSourcesBuildPhase section */
		8649059325BB657800D7CF75 /* Sources */ = {
			isa = PBXSourcesBuildPhase;
			buildActionMask = 2147483647;
			files = (
				8649059D25BB657900D7CF75 /* ContentView.swift in Sources */,
				862EA02325BC2962003603B3 /* RedditPostsViewModel.swift in Sources */,
				862EA02425BC2962003603B3 /* RedditPostsRow.swift in Sources */,
				861BCCE525BBB054005A88C8 /* ErrorHandling.swift in Sources */,
				8649059B25BB657900D7CF75 /* RedditClientApp.swift in Sources */,
				862EA02525BC2962003603B3 /* RedditPost.swift in Sources */,
				861BCCE025BBB046005A88C8 /* Post.swift in Sources */,
				86A84AD525BC2898000D1F9C /* LoginView.swift in Sources */,
				86A84ACD25BC288D000D1F9C /* LoginViewModel.swift in Sources */,
				862EA02225BC2962003603B3 /* RedditPostsList.swift in Sources */,
			);
			runOnlyForDeploymentPostprocessing = 0;
		};
		864905A425BB657C00D7CF75 /* Sources */ = {
			isa = PBXSourcesBuildPhase;
			buildActionMask = 2147483647;
			files = (
				864905AD25BB657C00D7CF75 /* RedditClientTests.swift in Sources */,
			);
			runOnlyForDeploymentPostprocessing = 0;
		};
		864905AF25BB657C00D7CF75 /* Sources */ = {
			isa = PBXSourcesBuildPhase;
			buildActionMask = 2147483647;
			files = (
				864905B825BB657C00D7CF75 /* RedditClientUITests.swift in Sources */,
			);
			runOnlyForDeploymentPostprocessing = 0;
		};
/* End PBXSourcesBuildPhase section */

/* Begin PBXTargetDependency section */
		864905AA25BB657C00D7CF75 /* PBXTargetDependency */ = {
			isa = PBXTargetDependency;
			target = 8649059625BB657800D7CF75 /* RedditClient */;
			targetProxy = 864905A925BB657C00D7CF75 /* PBXContainerItemProxy */;
		};
		864905B525BB657C00D7CF75 /* PBXTargetDependency */ = {
			isa = PBXTargetDependency;
			target = 8649059625BB657800D7CF75 /* RedditClient */;
			targetProxy = 864905B425BB657C00D7CF75 /* PBXContainerItemProxy */;
		};
/* End PBXTargetDependency section */

/* Begin XCBuildConfiguration section */
		864905BA25BB657C00D7CF75 /* Debug */ = {
			isa = XCBuildConfiguration;
			buildSettings = {
				ALWAYS_SEARCH_USER_PATHS = NO;
				CLANG_ANALYZER_NONNULL = YES;
				CLANG_ANALYZER_NUMBER_OBJECT_CONVERSION = YES_AGGRESSIVE;
				CLANG_CXX_LANGUAGE_STANDARD = "gnu++14";
				CLANG_CXX_LIBRARY = "libc++";
				CLANG_ENABLE_MODULES = YES;
				CLANG_ENABLE_OBJC_ARC = YES;
				CLANG_ENABLE_OBJC_WEAK = YES;
				CLANG_WARN_BLOCK_CAPTURE_AUTORELEASING = YES;
				CLANG_WARN_BOOL_CONVERSION = YES;
				CLANG_WARN_COMMA = YES;
				CLANG_WARN_CONSTANT_CONVERSION = YES;
				CLANG_WARN_DEPRECATED_OBJC_IMPLEMENTATIONS = YES;
				CLANG_WARN_DIRECT_OBJC_ISA_USAGE = YES_ERROR;
				CLANG_WARN_DOCUMENTATION_COMMENTS = YES;
				CLANG_WARN_EMPTY_BODY = YES;
				CLANG_WARN_ENUM_CONVERSION = YES;
				CLANG_WARN_INFINITE_RECURSION = YES;
				CLANG_WARN_INT_CONVERSION = YES;
				CLANG_WARN_NON_LITERAL_NULL_CONVERSION = YES;
				CLANG_WARN_OBJC_IMPLICIT_RETAIN_SELF = YES;
				CLANG_WARN_OBJC_LITERAL_CONVERSION = YES;
				CLANG_WARN_OBJC_ROOT_CLASS = YES_ERROR;
				CLANG_WARN_QUOTED_INCLUDE_IN_FRAMEWORK_HEADER = YES;
				CLANG_WARN_RANGE_LOOP_ANALYSIS = YES;
				CLANG_WARN_STRICT_PROTOTYPES = YES;
				CLANG_WARN_SUSPICIOUS_MOVE = YES;
				CLANG_WARN_UNGUARDED_AVAILABILITY = YES_AGGRESSIVE;
				CLANG_WARN_UNREACHABLE_CODE = YES;
				CLANG_WARN__DUPLICATE_METHOD_MATCH = YES;
				COPY_PHASE_STRIP = NO;
				DEBUG_INFORMATION_FORMAT = dwarf;
				ENABLE_STRICT_OBJC_MSGSEND = YES;
				ENABLE_TESTABILITY = YES;
				GCC_C_LANGUAGE_STANDARD = gnu11;
				GCC_DYNAMIC_NO_PIC = NO;
				GCC_NO_COMMON_BLOCKS = YES;
				GCC_OPTIMIZATION_LEVEL = 0;
				GCC_PREPROCESSOR_DEFINITIONS = (
					"DEBUG=1",
					"$(inherited)",
				);
				GCC_WARN_64_TO_32_BIT_CONVERSION = YES;
				GCC_WARN_ABOUT_RETURN_TYPE = YES_ERROR;
				GCC_WARN_UNDECLARED_SELECTOR = YES;
				GCC_WARN_UNINITIALIZED_AUTOS = YES_AGGRESSIVE;
				GCC_WARN_UNUSED_FUNCTION = YES;
				GCC_WARN_UNUSED_VARIABLE = YES;
				IPHONEOS_DEPLOYMENT_TARGET = 14.3;
				MTL_ENABLE_DEBUG_INFO = INCLUDE_SOURCE;
				MTL_FAST_MATH = YES;
				ONLY_ACTIVE_ARCH = YES;
				SDKROOT = iphoneos;
				SWIFT_ACTIVE_COMPILATION_CONDITIONS = DEBUG;
				SWIFT_OPTIMIZATION_LEVEL = "-Onone";
			};
			name = Debug;
		};
		864905BB25BB657C00D7CF75 /* Release */ = {
			isa = XCBuildConfiguration;
			buildSettings = {
				ALWAYS_SEARCH_USER_PATHS = NO;
				CLANG_ANALYZER_NONNULL = YES;
				CLANG_ANALYZER_NUMBER_OBJECT_CONVERSION = YES_AGGRESSIVE;
				CLANG_CXX_LANGUAGE_STANDARD = "gnu++14";
				CLANG_CXX_LIBRARY = "libc++";
				CLANG_ENABLE_MODULES = YES;
				CLANG_ENABLE_OBJC_ARC = YES;
				CLANG_ENABLE_OBJC_WEAK = YES;
				CLANG_WARN_BLOCK_CAPTURE_AUTORELEASING = YES;
				CLANG_WARN_BOOL_CONVERSION = YES;
				CLANG_WARN_COMMA = YES;
				CLANG_WARN_CONSTANT_CONVERSION = YES;
				CLANG_WARN_DEPRECATED_OBJC_IMPLEMENTATIONS = YES;
				CLANG_WARN_DIRECT_OBJC_ISA_USAGE = YES_ERROR;
				CLANG_WARN_DOCUMENTATION_COMMENTS = YES;
				CLANG_WARN_EMPTY_BODY = YES;
				CLANG_WARN_ENUM_CONVERSION = YES;
				CLANG_WARN_INFINITE_RECURSION = YES;
				CLANG_WARN_INT_CONVERSION = YES;
				CLANG_WARN_NON_LITERAL_NULL_CONVERSION = YES;
				CLANG_WARN_OBJC_IMPLICIT_RETAIN_SELF = YES;
				CLANG_WARN_OBJC_LITERAL_CONVERSION = YES;
				CLANG_WARN_OBJC_ROOT_CLASS = YES_ERROR;
				CLANG_WARN_QUOTED_INCLUDE_IN_FRAMEWORK_HEADER = YES;
				CLANG_WARN_RANGE_LOOP_ANALYSIS = YES;
				CLANG_WARN_STRICT_PROTOTYPES = YES;
				CLANG_WARN_SUSPICIOUS_MOVE = YES;
				CLANG_WARN_UNGUARDED_AVAILABILITY = YES_AGGRESSIVE;
				CLANG_WARN_UNREACHABLE_CODE = YES;
				CLANG_WARN__DUPLICATE_METHOD_MATCH = YES;
				COPY_PHASE_STRIP = NO;
				DEBUG_INFORMATION_FORMAT = "dwarf-with-dsym";
				ENABLE_NS_ASSERTIONS = NO;
				ENABLE_STRICT_OBJC_MSGSEND = YES;
				GCC_C_LANGUAGE_STANDARD = gnu11;
				GCC_NO_COMMON_BLOCKS = YES;
				GCC_WARN_64_TO_32_BIT_CONVERSION = YES;
				GCC_WARN_ABOUT_RETURN_TYPE = YES_ERROR;
				GCC_WARN_UNDECLARED_SELECTOR = YES;
				GCC_WARN_UNINITIALIZED_AUTOS = YES_AGGRESSIVE;
				GCC_WARN_UNUSED_FUNCTION = YES;
				GCC_WARN_UNUSED_VARIABLE = YES;
				IPHONEOS_DEPLOYMENT_TARGET = 14.3;
				MTL_ENABLE_DEBUG_INFO = NO;
				MTL_FAST_MATH = YES;
				SDKROOT = iphoneos;
				SWIFT_COMPILATION_MODE = wholemodule;
				SWIFT_OPTIMIZATION_LEVEL = "-O";
				VALIDATE_PRODUCT = YES;
			};
			name = Release;
		};
		864905BD25BB657C00D7CF75 /* Debug */ = {
			isa = XCBuildConfiguration;
			baseConfigurationReference = C7678927B454F479E50AE8B8 /* Pods-RedditClient.debug.xcconfig */;
			buildSettings = {
				ASSETCATALOG_COMPILER_APPICON_NAME = AppIcon;
				ASSETCATALOG_COMPILER_GLOBAL_ACCENT_COLOR_NAME = AccentColor;
				CODE_SIGN_STYLE = Automatic;
				DEVELOPMENT_ASSET_PATHS = "\"redditClient/Preview Content\"";
				DEVELOPMENT_TEAM = VA49U6XNKH;
				ENABLE_PREVIEWS = YES;
				INFOPLIST_FILE = redditClient/Info.plist;
				IPHONEOS_DEPLOYMENT_TARGET = 14.0;
				LD_RUNPATH_SEARCH_PATHS = (
					"$(inherited)",
					"@executable_path/Frameworks",
				);
				PRODUCT_BUNDLE_IDENTIFIER = mkroneder.redditClient;
				PRODUCT_NAME = "$(TARGET_NAME)";
				SWIFT_VERSION = 5.0;
				TARGETED_DEVICE_FAMILY = "1,2";
			};
			name = Debug;
		};
		864905BE25BB657C00D7CF75 /* Release */ = {
			isa = XCBuildConfiguration;
			baseConfigurationReference = 78F74D1AC1DB27000537A53E /* Pods-RedditClient.release.xcconfig */;
			buildSettings = {
				ASSETCATALOG_COMPILER_APPICON_NAME = AppIcon;
				ASSETCATALOG_COMPILER_GLOBAL_ACCENT_COLOR_NAME = AccentColor;
				CODE_SIGN_STYLE = Automatic;
				DEVELOPMENT_ASSET_PATHS = "\"redditClient/Preview Content\"";
				DEVELOPMENT_TEAM = VA49U6XNKH;
				ENABLE_PREVIEWS = YES;
				INFOPLIST_FILE = redditClient/Info.plist;
				IPHONEOS_DEPLOYMENT_TARGET = 14.0;
				LD_RUNPATH_SEARCH_PATHS = (
					"$(inherited)",
					"@executable_path/Frameworks",
				);
				PRODUCT_BUNDLE_IDENTIFIER = mkroneder.redditClient;
				PRODUCT_NAME = "$(TARGET_NAME)";
				SWIFT_VERSION = 5.0;
				TARGETED_DEVICE_FAMILY = "1,2";
			};
			name = Release;
		};
		864905C025BB657C00D7CF75 /* Debug */ = {
			isa = XCBuildConfiguration;
			buildSettings = {
				ALWAYS_EMBED_SWIFT_STANDARD_LIBRARIES = YES;
				BUNDLE_LOADER = "$(TEST_HOST)";
				CODE_SIGN_STYLE = Automatic;
				DEVELOPMENT_TEAM = VA49U6XNKH;
				INFOPLIST_FILE = redditClientTests/Info.plist;
				IPHONEOS_DEPLOYMENT_TARGET = 14.0;
				LD_RUNPATH_SEARCH_PATHS = (
					"$(inherited)",
					"@executable_path/Frameworks",
					"@loader_path/Frameworks",
				);
				PRODUCT_BUNDLE_IDENTIFIER = mkroneder.redditClientTests;
				PRODUCT_NAME = "$(TARGET_NAME)";
				SWIFT_VERSION = 5.0;
				TARGETED_DEVICE_FAMILY = "1,2";
				TEST_HOST = "$(BUILT_PRODUCTS_DIR)/RedditClient.app/RedditClient";
			};
			name = Debug;
		};
		864905C125BB657C00D7CF75 /* Release */ = {
			isa = XCBuildConfiguration;
			buildSettings = {
				ALWAYS_EMBED_SWIFT_STANDARD_LIBRARIES = YES;
				BUNDLE_LOADER = "$(TEST_HOST)";
				CODE_SIGN_STYLE = Automatic;
				DEVELOPMENT_TEAM = VA49U6XNKH;
				INFOPLIST_FILE = redditClientTests/Info.plist;
				IPHONEOS_DEPLOYMENT_TARGET = 14.0;
				LD_RUNPATH_SEARCH_PATHS = (
					"$(inherited)",
					"@executable_path/Frameworks",
					"@loader_path/Frameworks",
				);
				PRODUCT_BUNDLE_IDENTIFIER = mkroneder.redditClientTests;
				PRODUCT_NAME = "$(TARGET_NAME)";
				SWIFT_VERSION = 5.0;
				TARGETED_DEVICE_FAMILY = "1,2";
				TEST_HOST = "$(BUILT_PRODUCTS_DIR)/RedditClient.app/RedditClient";
			};
			name = Release;
		};
		864905C325BB657C00D7CF75 /* Debug */ = {
			isa = XCBuildConfiguration;
			buildSettings = {
				ALWAYS_EMBED_SWIFT_STANDARD_LIBRARIES = YES;
				CODE_SIGN_STYLE = Automatic;
				DEVELOPMENT_TEAM = VA49U6XNKH;
				INFOPLIST_FILE = redditClientUITests/Info.plist;
				LD_RUNPATH_SEARCH_PATHS = (
					"$(inherited)",
					"@executable_path/Frameworks",
					"@loader_path/Frameworks",
				);
				PRODUCT_BUNDLE_IDENTIFIER = mkroneder.redditClientUITests;
				PRODUCT_NAME = "$(TARGET_NAME)";
				SWIFT_VERSION = 5.0;
				TARGETED_DEVICE_FAMILY = "1,2";
				TEST_TARGET_NAME = redditClient;
			};
			name = Debug;
		};
		864905C425BB657C00D7CF75 /* Release */ = {
			isa = XCBuildConfiguration;
			buildSettings = {
				ALWAYS_EMBED_SWIFT_STANDARD_LIBRARIES = YES;
				CODE_SIGN_STYLE = Automatic;
				DEVELOPMENT_TEAM = VA49U6XNKH;
				INFOPLIST_FILE = redditClientUITests/Info.plist;
				LD_RUNPATH_SEARCH_PATHS = (
					"$(inherited)",
					"@executable_path/Frameworks",
					"@loader_path/Frameworks",
				);
				PRODUCT_BUNDLE_IDENTIFIER = mkroneder.redditClientUITests;
				PRODUCT_NAME = "$(TARGET_NAME)";
				SWIFT_VERSION = 5.0;
				TARGETED_DEVICE_FAMILY = "1,2";
				TEST_TARGET_NAME = redditClient;
			};
			name = Release;
		};
/* End XCBuildConfiguration section */

/* Begin XCConfigurationList section */
		8649059225BB657800D7CF75 /* Build configuration list for PBXProject "RedditClient" */ = {
			isa = XCConfigurationList;
			buildConfigurations = (
				864905BA25BB657C00D7CF75 /* Debug */,
				864905BB25BB657C00D7CF75 /* Release */,
			);
			defaultConfigurationIsVisible = 0;
			defaultConfigurationName = Release;
		};
		864905BC25BB657C00D7CF75 /* Build configuration list for PBXNativeTarget "RedditClient" */ = {
			isa = XCConfigurationList;
			buildConfigurations = (
				864905BD25BB657C00D7CF75 /* Debug */,
				864905BE25BB657C00D7CF75 /* Release */,
			);
			defaultConfigurationIsVisible = 0;
			defaultConfigurationName = Release;
		};
		864905BF25BB657C00D7CF75 /* Build configuration list for PBXNativeTarget "RedditClientTests" */ = {
			isa = XCConfigurationList;
			buildConfigurations = (
				864905C025BB657C00D7CF75 /* Debug */,
				864905C125BB657C00D7CF75 /* Release */,
			);
			defaultConfigurationIsVisible = 0;
			defaultConfigurationName = Release;
		};
		864905C225BB657C00D7CF75 /* Build configuration list for PBXNativeTarget "RedditClientUITests" */ = {
			isa = XCConfigurationList;
			buildConfigurations = (
				864905C325BB657C00D7CF75 /* Debug */,
				864905C425BB657C00D7CF75 /* Release */,
			);
			defaultConfigurationIsVisible = 0;
			defaultConfigurationName = Release;
		};
/* End XCConfigurationList section */
	};
	rootObject = 8649058F25BB657800D7CF75 /* Project object */;
}
