// !$*UTF8*$!
{
	archiveVersion = 1;
	classes = {
	};
	objectVersion = 52;
	objects = {

/* Begin PBXBuildFile section */
		86145CDB25C5C76D0072A7A6 /* OAuthSwift in Frameworks */ = {isa = PBXBuildFile; productRef = 86145CDA25C5C76D0072A7A6 /* OAuthSwift */; };
		86145D3125C5E8B90072A7A6 /* AppDelegate.swift in Sources */ = {isa = PBXBuildFile; fileRef = 86145D3025C5E8B90072A7A6 /* AppDelegate.swift */; };
		86145D3525C5E9310072A7A6 /* ScenceDelegate.swift in Sources */ = {isa = PBXBuildFile; fileRef = 86145D3425C5E9310072A7A6 /* ScenceDelegate.swift */; };
		86145D4F25C6AA590072A7A6 /* MainView.swift in Sources */ = {isa = PBXBuildFile; fileRef = 86145D4E25C6AA590072A7A6 /* MainView.swift */; };
		862690C725BCAFDA00A720C6 /* localizable.strings in Resources */ = {isa = PBXBuildFile; fileRef = 862690C625BCAFDA00A720C6 /* localizable.strings */; };
		8633548225C1E8E100FF661D /* JGProgressHUD in Frameworks */ = {isa = PBXBuildFile; productRef = 8633548125C1E8E100FF661D /* JGProgressHUD */; };
		8633548725C1EBBE00FF661D /* DataService.swift in Sources */ = {isa = PBXBuildFile; fileRef = 8633548625C1EBBE00FF661D /* DataService.swift */; };
		863A878725C863AF007D7AA3 /* R.generated.swift in Sources */ = {isa = PBXBuildFile; fileRef = 863A878625C863AF007D7AA3 /* R.generated.swift */; };
		863A878B25C8AC74007D7AA3 /* ImageLoader.swift in Sources */ = {isa = PBXBuildFile; fileRef = 863A878A25C8AC74007D7AA3 /* ImageLoader.swift */; };
		8641FC1925C84B2F00AB4194 /* Rswift in Frameworks */ = {isa = PBXBuildFile; productRef = 8641FC1825C84B2F00AB4194 /* Rswift */; };
		8649059F25BB657C00D7CF75 /* Assets.xcassets in Resources */ = {isa = PBXBuildFile; fileRef = 8649059E25BB657C00D7CF75 /* Assets.xcassets */; };
		864905A225BB657C00D7CF75 /* Preview Assets.xcassets in Resources */ = {isa = PBXBuildFile; fileRef = 864905A125BB657C00D7CF75 /* Preview Assets.xcassets */; };
		864905AD25BB657C00D7CF75 /* RedditClientTests.swift in Sources */ = {isa = PBXBuildFile; fileRef = 864905AC25BB657C00D7CF75 /* RedditClientTests.swift */; };
		864905B825BB657C00D7CF75 /* RedditClientUITests.swift in Sources */ = {isa = PBXBuildFile; fileRef = 864905B725BB657C00D7CF75 /* RedditClientUITests.swift */; };
		8699C3E425CB20C4001F3B98 /* Post.swift in Sources */ = {isa = PBXBuildFile; fileRef = 8699C3E125CB20C4001F3B98 /* Post.swift */; };
		8699C3E525CB20C4001F3B98 /* Profile.swift in Sources */ = {isa = PBXBuildFile; fileRef = 8699C3E225CB20C4001F3B98 /* Profile.swift */; };
		8699C3E625CB20C4001F3B98 /* SubReddits.swift in Sources */ = {isa = PBXBuildFile; fileRef = 8699C3E325CB20C4001F3B98 /* SubReddits.swift */; };
		8699C3FB25CB518C001F3B98 /* LogoView.swift in Sources */ = {isa = PBXBuildFile; fileRef = 8699C3FA25CB518C001F3B98 /* LogoView.swift */; };
		8699C3FF25CB5198001F3B98 /* CustomButtonView.swift in Sources */ = {isa = PBXBuildFile; fileRef = 8699C3FE25CB5198001F3B98 /* CustomButtonView.swift */; };
		8699C40E25CC3048001F3B98 /* Yarc.xcdatamodeld in Sources */ = {isa = PBXBuildFile; fileRef = 8699C40C25CC3048001F3B98 /* Yarc.xcdatamodeld */; };
		8699C43325CC8082001F3B98 /* ContentView.swift in Sources */ = {isa = PBXBuildFile; fileRef = 8699C43225CC8082001F3B98 /* ContentView.swift */; };
		8699C43B25CC8CD0001F3B98 /* CoreDataService.swift in Sources */ = {isa = PBXBuildFile; fileRef = 8699C43A25CC8CD0001F3B98 /* CoreDataService.swift */; };
		86A02E6F25C0C58800974E4E /* NavigationView.swift in Sources */ = {isa = PBXBuildFile; fileRef = 86A02E6E25C0C58800974E4E /* NavigationView.swift */; };
		86A02E7F25C1536600974E4E /* Alamofire in Frameworks */ = {isa = PBXBuildFile; productRef = 86A02E7E25C1536600974E4E /* Alamofire */; };
		86A02E8325C1563500974E4E /* ClientConstants.swift in Sources */ = {isa = PBXBuildFile; fileRef = 86A02E8225C1563500974E4E /* ClientConstants.swift */; };
		86E62C0725BCE8FC00884675 /* ErrorHandling.swift in Sources */ = {isa = PBXBuildFile; fileRef = 86E62C0625BCE8FC00884675 /* ErrorHandling.swift */; };
		86E62C0C25BCE91400884675 /* Entropy.swift in Sources */ = {isa = PBXBuildFile; fileRef = 86E62C0A25BCE91400884675 /* Entropy.swift */; };
		86E62C1825BCE92700884675 /* SubRedditView.swift in Sources */ = {isa = PBXBuildFile; fileRef = 86E62C1425BCE92700884675 /* SubRedditView.swift */; };
		86E62C7225BD7CA100884675 /* Colors.xcassets in Resources */ = {isa = PBXBuildFile; fileRef = 86E62C7125BD7CA100884675 /* Colors.xcassets */; };
		86E7B1FA25C6BA2100BA8BB8 /* ColorExtension.swift in Sources */ = {isa = PBXBuildFile; fileRef = 86E7B1F925C6BA2100BA8BB8 /* ColorExtension.swift */; };
		86F677DE25C6DA7300A3FB9E /* IntroViewModel.swift in Sources */ = {isa = PBXBuildFile; fileRef = 86F677DD25C6DA7300A3FB9E /* IntroViewModel.swift */; };
		86F677E425C6DA7E00A3FB9E /* IntroView.swift in Sources */ = {isa = PBXBuildFile; fileRef = 86F677E325C6DA7E00A3FB9E /* IntroView.swift */; };
/* End PBXBuildFile section */

/* Begin PBXContainerItemProxy section */
		864905A925BB657C00D7CF75 /* PBXContainerItemProxy */ = {
			isa = PBXContainerItemProxy;
			containerPortal = 8649058F25BB657800D7CF75 /* Project object */;
			proxyType = 1;
			remoteGlobalIDString = 8649059625BB657800D7CF75;
			remoteInfo = redditClient;
		};
		864905B425BB657C00D7CF75 /* PBXContainerItemProxy */ = {
			isa = PBXContainerItemProxy;
			containerPortal = 8649058F25BB657800D7CF75 /* Project object */;
			proxyType = 1;
			remoteGlobalIDString = 8649059625BB657800D7CF75;
			remoteInfo = redditClient;
		};
/* End PBXContainerItemProxy section */

/* Begin PBXCopyFilesBuildPhase section */
		862690FE25BCB8D000A720C6 /* Embed Frameworks */ = {
			isa = PBXCopyFilesBuildPhase;
			buildActionMask = 2147483647;
			dstPath = "";
			dstSubfolderSpec = 10;
			files = (
			);
			name = "Embed Frameworks";
			runOnlyForDeploymentPostprocessing = 0;
		};
/* End PBXCopyFilesBuildPhase section */

/* Begin PBXFileReference section */
		103CF56108D186D68701EBB1 /* Pods-RedditClient.debug.xcconfig */ = {isa = PBXFileReference; includeInIndex = 1; lastKnownFileType = text.xcconfig; name = "Pods-RedditClient.debug.xcconfig"; path = "Target Support Files/Pods-RedditClient/Pods-RedditClient.debug.xcconfig"; sourceTree = "<group>"; };
		86145D3025C5E8B90072A7A6 /* AppDelegate.swift */ = {isa = PBXFileReference; lastKnownFileType = sourcecode.swift; path = AppDelegate.swift; sourceTree = "<group>"; };
		86145D3425C5E9310072A7A6 /* ScenceDelegate.swift */ = {isa = PBXFileReference; lastKnownFileType = sourcecode.swift; path = ScenceDelegate.swift; sourceTree = "<group>"; };
		86145D4E25C6AA590072A7A6 /* MainView.swift */ = {isa = PBXFileReference; lastKnownFileType = sourcecode.swift; path = MainView.swift; sourceTree = "<group>"; };
		862690C625BCAFDA00A720C6 /* localizable.strings */ = {isa = PBXFileReference; lastKnownFileType = text.plist.strings; path = localizable.strings; sourceTree = "<group>"; };
		8633548625C1EBBE00FF661D /* DataService.swift */ = {isa = PBXFileReference; lastKnownFileType = sourcecode.swift; path = DataService.swift; sourceTree = "<group>"; };
		863A878625C863AF007D7AA3 /* R.generated.swift */ = {isa = PBXFileReference; fileEncoding = 4; lastKnownFileType = sourcecode.swift; path = R.generated.swift; sourceTree = SOURCE_ROOT; };
		863A878A25C8AC74007D7AA3 /* ImageLoader.swift */ = {isa = PBXFileReference; lastKnownFileType = sourcecode.swift; path = ImageLoader.swift; sourceTree = "<group>"; };
		8649059725BB657900D7CF75 /* RedditClient.app */ = {isa = PBXFileReference; explicitFileType = wrapper.application; includeInIndex = 0; path = RedditClient.app; sourceTree = BUILT_PRODUCTS_DIR; };
		8649059E25BB657C00D7CF75 /* Assets.xcassets */ = {isa = PBXFileReference; lastKnownFileType = folder.assetcatalog; path = Assets.xcassets; sourceTree = "<group>"; };
		864905A125BB657C00D7CF75 /* Preview Assets.xcassets */ = {isa = PBXFileReference; lastKnownFileType = folder.assetcatalog; path = "Preview Assets.xcassets"; sourceTree = "<group>"; };
		864905A325BB657C00D7CF75 /* Info.plist */ = {isa = PBXFileReference; lastKnownFileType = text.plist.xml; path = Info.plist; sourceTree = "<group>"; };
		864905A825BB657C00D7CF75 /* RedditClientTests.xctest */ = {isa = PBXFileReference; explicitFileType = wrapper.cfbundle; includeInIndex = 0; path = RedditClientTests.xctest; sourceTree = BUILT_PRODUCTS_DIR; };
		864905AC25BB657C00D7CF75 /* RedditClientTests.swift */ = {isa = PBXFileReference; lastKnownFileType = sourcecode.swift; path = RedditClientTests.swift; sourceTree = "<group>"; };
		864905AE25BB657C00D7CF75 /* Info.plist */ = {isa = PBXFileReference; lastKnownFileType = text.plist.xml; path = Info.plist; sourceTree = "<group>"; };
		864905B325BB657C00D7CF75 /* RedditClientUITests.xctest */ = {isa = PBXFileReference; explicitFileType = wrapper.cfbundle; includeInIndex = 0; path = RedditClientUITests.xctest; sourceTree = BUILT_PRODUCTS_DIR; };
		864905B725BB657C00D7CF75 /* RedditClientUITests.swift */ = {isa = PBXFileReference; lastKnownFileType = sourcecode.swift; path = RedditClientUITests.swift; sourceTree = "<group>"; };
		864905B925BB657C00D7CF75 /* Info.plist */ = {isa = PBXFileReference; lastKnownFileType = text.plist.xml; path = Info.plist; sourceTree = "<group>"; };
		8699C3E125CB20C4001F3B98 /* Post.swift */ = {isa = PBXFileReference; fileEncoding = 4; lastKnownFileType = sourcecode.swift; path = Post.swift; sourceTree = "<group>"; };
		8699C3E225CB20C4001F3B98 /* Profile.swift */ = {isa = PBXFileReference; fileEncoding = 4; lastKnownFileType = sourcecode.swift; name = Profile.swift; path = Model/Profile.swift; sourceTree = "<group>"; };
		8699C3E325CB20C4001F3B98 /* SubReddits.swift */ = {isa = PBXFileReference; fileEncoding = 4; lastKnownFileType = sourcecode.swift; path = SubReddits.swift; sourceTree = "<group>"; };
		8699C3FA25CB518C001F3B98 /* LogoView.swift */ = {isa = PBXFileReference; lastKnownFileType = sourcecode.swift; path = LogoView.swift; sourceTree = "<group>"; };
		8699C3FE25CB5198001F3B98 /* CustomButtonView.swift */ = {isa = PBXFileReference; lastKnownFileType = sourcecode.swift; path = CustomButtonView.swift; sourceTree = "<group>"; };
		8699C40D25CC3048001F3B98 /* Yarc.xcdatamodel */ = {isa = PBXFileReference; lastKnownFileType = wrapper.xcdatamodel; path = Yarc.xcdatamodel; sourceTree = "<group>"; };
		8699C43225CC8082001F3B98 /* ContentView.swift */ = {isa = PBXFileReference; fileEncoding = 4; lastKnownFileType = sourcecode.swift; path = ContentView.swift; sourceTree = "<group>"; };
		8699C43A25CC8CD0001F3B98 /* CoreDataService.swift */ = {isa = PBXFileReference; lastKnownFileType = sourcecode.swift; path = CoreDataService.swift; sourceTree = "<group>"; };
		86A02E6E25C0C58800974E4E /* NavigationView.swift */ = {isa = PBXFileReference; lastKnownFileType = sourcecode.swift; path = NavigationView.swift; sourceTree = "<group>"; };
		86A02E8225C1563500974E4E /* ClientConstants.swift */ = {isa = PBXFileReference; lastKnownFileType = sourcecode.swift; path = ClientConstants.swift; sourceTree = "<group>"; };
		86E62C0625BCE8FC00884675 /* ErrorHandling.swift */ = {isa = PBXFileReference; fileEncoding = 4; lastKnownFileType = sourcecode.swift; path = ErrorHandling.swift; sourceTree = "<group>"; };
		86E62C0A25BCE91400884675 /* Entropy.swift */ = {isa = PBXFileReference; fileEncoding = 4; lastKnownFileType = sourcecode.swift; path = Entropy.swift; sourceTree = "<group>"; };
		86E62C1425BCE92700884675 /* SubRedditView.swift */ = {isa = PBXFileReference; fileEncoding = 4; lastKnownFileType = sourcecode.swift; path = SubRedditView.swift; sourceTree = "<group>"; };
		86E62C7125BD7CA100884675 /* Colors.xcassets */ = {isa = PBXFileReference; lastKnownFileType = folder.assetcatalog; path = Colors.xcassets; sourceTree = "<group>"; };
		86E7B1F925C6BA2100BA8BB8 /* ColorExtension.swift */ = {isa = PBXFileReference; lastKnownFileType = sourcecode.swift; path = ColorExtension.swift; sourceTree = "<group>"; };
		86F677DD25C6DA7300A3FB9E /* IntroViewModel.swift */ = {isa = PBXFileReference; lastKnownFileType = sourcecode.swift; path = IntroViewModel.swift; sourceTree = "<group>"; };
		86F677E325C6DA7E00A3FB9E /* IntroView.swift */ = {isa = PBXFileReference; lastKnownFileType = sourcecode.swift; path = IntroView.swift; sourceTree = "<group>"; };
		BF6576282AC91F0B3A7D0CE9 /* Pods-RedditClient.release.xcconfig */ = {isa = PBXFileReference; includeInIndex = 1; lastKnownFileType = text.xcconfig; name = "Pods-RedditClient.release.xcconfig"; path = "Target Support Files/Pods-RedditClient/Pods-RedditClient.release.xcconfig"; sourceTree = "<group>"; };
		DE8271A140BF5A2AE8545F2E /* libPods-RedditClient.a */ = {isa = PBXFileReference; explicitFileType = archive.ar; includeInIndex = 0; path = "libPods-RedditClient.a"; sourceTree = BUILT_PRODUCTS_DIR; };
/* End PBXFileReference section */

/* Begin PBXFrameworksBuildPhase section */
		8649059425BB657800D7CF75 /* Frameworks */ = {
			isa = PBXFrameworksBuildPhase;
			buildActionMask = 2147483647;
			files = (
				8641FC1925C84B2F00AB4194 /* Rswift in Frameworks */,
				8633548225C1E8E100FF661D /* JGProgressHUD in Frameworks */,
				86A02E7F25C1536600974E4E /* Alamofire in Frameworks */,
				86145CDB25C5C76D0072A7A6 /* OAuthSwift in Frameworks */,
			);
			runOnlyForDeploymentPostprocessing = 0;
		};
		864905A525BB657C00D7CF75 /* Frameworks */ = {
			isa = PBXFrameworksBuildPhase;
			buildActionMask = 2147483647;
			files = (
			);
			runOnlyForDeploymentPostprocessing = 0;
		};
		864905B025BB657C00D7CF75 /* Frameworks */ = {
			isa = PBXFrameworksBuildPhase;
			buildActionMask = 2147483647;
			files = (
			);
			runOnlyForDeploymentPostprocessing = 0;
		};
/* End PBXFrameworksBuildPhase section */

/* Begin PBXGroup section */
		0E452E7DF65ABBCC49A12E37 /* Pods */ = {
			isa = PBXGroup;
			children = (
				103CF56108D186D68701EBB1 /* Pods-RedditClient.debug.xcconfig */,
				BF6576282AC91F0B3A7D0CE9 /* Pods-RedditClient.release.xcconfig */,
			);
			path = Pods;
			sourceTree = "<group>";
		};
		861BCCC725BBAF5E005A88C8 /* Model */ = {
			isa = PBXGroup;
			children = (
				8699C3E225CB20C4001F3B98 /* Profile.swift */,
			);
			name = Model;
			sourceTree = "<group>";
		};
		861BCCC825BBAF66005A88C8 /* Utils */ = {
			isa = PBXGroup;
			children = (
				86E62C0625BCE8FC00884675 /* ErrorHandling.swift */,
				86A02E8225C1563500974E4E /* ClientConstants.swift */,
			);
			path = Utils;
			sourceTree = "<group>";
		};
		861BCCC925BBAFE7005A88C8 /* SubRedditView */ = {
			isa = PBXGroup;
			children = (
				86E62C1425BCE92700884675 /* SubRedditView.swift */,
			);
			path = SubRedditView;
			sourceTree = "<group>";
		};
		8633548525C1EBAA00FF661D /* Service */ = {
			isa = PBXGroup;
			children = (
				8633548625C1EBBE00FF661D /* DataService.swift */,
				863A878A25C8AC74007D7AA3 /* ImageLoader.swift */,
				8699C43A25CC8CD0001F3B98 /* CoreDataService.swift */,
			);
			path = Service;
			sourceTree = "<group>";
		};
		8649058E25BB657800D7CF75 = {
			isa = PBXGroup;
			children = (
				8649059925BB657900D7CF75 /* RedditClient */,
				864905AB25BB657C00D7CF75 /* RedditClientTests */,
				864905B625BB657C00D7CF75 /* RedditClientUITests */,
				8649059825BB657900D7CF75 /* Products */,
				DFECE574985DFC5D7D76D26B /* Frameworks */,
				0E452E7DF65ABBCC49A12E37 /* Pods */,
			);
			sourceTree = "<group>";
		};
		8649059825BB657900D7CF75 /* Products */ = {
			isa = PBXGroup;
			children = (
				8649059725BB657900D7CF75 /* RedditClient.app */,
				864905A825BB657C00D7CF75 /* RedditClientTests.xctest */,
				864905B325BB657C00D7CF75 /* RedditClientUITests.xctest */,
			);
			name = Products;
			sourceTree = "<group>";
		};
		8649059925BB657900D7CF75 /* RedditClient */ = {
			isa = PBXGroup;
			children = (
				8699C41D25CC6529001F3B98 /* DTOMapper */,
				8699C3F925CB517D001F3B98 /* SupportView */,
				86F677DC25C6DA5800A3FB9E /* Intro */,
				8633548525C1EBAA00FF661D /* Service */,
				86E62C6825BD6FBE00884675 /* Extensions */,
				862690C625BCAFDA00A720C6 /* localizable.strings */,
				86A84ACB25BC2870000D1F9C /* Entropy */,
				861BCCC925BBAFE7005A88C8 /* SubRedditView */,
				861BCCC825BBAF66005A88C8 /* Utils */,
				861BCCC725BBAF5E005A88C8 /* Model */,
				8649059E25BB657C00D7CF75 /* Assets.xcassets */,
				864905A325BB657C00D7CF75 /* Info.plist */,
				864905A025BB657C00D7CF75 /* Preview Content */,
				86E62C7125BD7CA100884675 /* Colors.xcassets */,
				863A878625C863AF007D7AA3 /* R.generated.swift */,
				86145D3025C5E8B90072A7A6 /* AppDelegate.swift */,
				86145D3425C5E9310072A7A6 /* ScenceDelegate.swift */,
				86145D4E25C6AA590072A7A6 /* MainView.swift */,
				8699C43225CC8082001F3B98 /* ContentView.swift */,
				8699C40C25CC3048001F3B98 /* Yarc.xcdatamodeld */,
			);
			path = RedditClient;
			sourceTree = "<group>";
		};
		864905A025BB657C00D7CF75 /* Preview Content */ = {
			isa = PBXGroup;
			children = (
				864905A125BB657C00D7CF75 /* Preview Assets.xcassets */,
			);
			path = "Preview Content";
			sourceTree = "<group>";
		};
		864905AB25BB657C00D7CF75 /* RedditClientTests */ = {
			isa = PBXGroup;
			children = (
				864905AC25BB657C00D7CF75 /* RedditClientTests.swift */,
				864905AE25BB657C00D7CF75 /* Info.plist */,
			);
			path = RedditClientTests;
			sourceTree = "<group>";
		};
		864905B625BB657C00D7CF75 /* RedditClientUITests */ = {
			isa = PBXGroup;
			children = (
				864905B725BB657C00D7CF75 /* RedditClientUITests.swift */,
				864905B925BB657C00D7CF75 /* Info.plist */,
			);
			path = RedditClientUITests;
			sourceTree = "<group>";
		};
		8699C3F925CB517D001F3B98 /* SupportView */ = {
			isa = PBXGroup;
			children = (
				8699C3FA25CB518C001F3B98 /* LogoView.swift */,
				8699C3FE25CB5198001F3B98 /* CustomButtonView.swift */,
			);
			path = SupportView;
			sourceTree = "<group>";
		};
		8699C41D25CC6529001F3B98 /* DTOMapper */ = {
			isa = PBXGroup;
			children = (
				8699C3E125CB20C4001F3B98 /* Post.swift */,
				8699C3E325CB20C4001F3B98 /* SubReddits.swift */,
			);
			path = DTOMapper;
			sourceTree = "<group>";
		};
		86A84ACB25BC2870000D1F9C /* Entropy */ = {
			isa = PBXGroup;
			children = (
				86E62C0A25BCE91400884675 /* Entropy.swift */,
			);
			path = Entropy;
			sourceTree = "<group>";
		};
		86E62C6825BD6FBE00884675 /* Extensions */ = {
			isa = PBXGroup;
			children = (
				86A02E6E25C0C58800974E4E /* NavigationView.swift */,
				86E7B1F925C6BA2100BA8BB8 /* ColorExtension.swift */,
			);
			path = Extensions;
			sourceTree = "<group>";
		};
		86F677DC25C6DA5800A3FB9E /* Intro */ = {
			isa = PBXGroup;
			children = (
				86F677DD25C6DA7300A3FB9E /* IntroViewModel.swift */,
				86F677E325C6DA7E00A3FB9E /* IntroView.swift */,
			);
			path = Intro;
			sourceTree = "<group>";
		};
		DFECE574985DFC5D7D76D26B /* Frameworks */ = {
			isa = PBXGroup;
			children = (
				DE8271A140BF5A2AE8545F2E /* libPods-RedditClient.a */,
			);
			name = Frameworks;
			sourceTree = "<group>";
		};
/* End PBXGroup section */

/* Begin PBXNativeTarget section */
		8649059625BB657800D7CF75 /* RedditClient */ = {
			isa = PBXNativeTarget;
			buildConfigurationList = 864905BC25BB657C00D7CF75 /* Build configuration list for PBXNativeTarget "RedditClient" */;
			buildPhases = (
				A1D5FE57E6C23BC178071B05 /* [CP] Check Pods Manifest.lock */,
				8646454125BCBD6E00144014 /* R.swift */,
				86A517B625BC373B0039A0A2 /* SwiftFormat */,
				8649059325BB657800D7CF75 /* Sources */,
				8649059425BB657800D7CF75 /* Frameworks */,
				8649059525BB657800D7CF75 /* Resources */,
				864905CA25BB667000D7CF75 /* Run SwiftLint */,
				862690FE25BCB8D000A720C6 /* Embed Frameworks */,
			);
			buildRules = (
			);
			dependencies = (
			);
			name = RedditClient;
			packageProductDependencies = (
				86A02E7E25C1536600974E4E /* Alamofire */,
				8633548125C1E8E100FF661D /* JGProgressHUD */,
				86145CDA25C5C76D0072A7A6 /* OAuthSwift */,
				8641FC1825C84B2F00AB4194 /* Rswift */,
			);
			productName = redditClient;
			productReference = 8649059725BB657900D7CF75 /* RedditClient.app */;
			productType = "com.apple.product-type.application";
		};
		864905A725BB657C00D7CF75 /* RedditClientTests */ = {
			isa = PBXNativeTarget;
			buildConfigurationList = 864905BF25BB657C00D7CF75 /* Build configuration list for PBXNativeTarget "RedditClientTests" */;
			buildPhases = (
				864905A425BB657C00D7CF75 /* Sources */,
				864905A525BB657C00D7CF75 /* Frameworks */,
				864905A625BB657C00D7CF75 /* Resources */,
			);
			buildRules = (
			);
			dependencies = (
				864905AA25BB657C00D7CF75 /* PBXTargetDependency */,
			);
			name = RedditClientTests;
			productName = redditClientTests;
			productReference = 864905A825BB657C00D7CF75 /* RedditClientTests.xctest */;
			productType = "com.apple.product-type.bundle.unit-test";
		};
		864905B225BB657C00D7CF75 /* RedditClientUITests */ = {
			isa = PBXNativeTarget;
			buildConfigurationList = 864905C225BB657C00D7CF75 /* Build configuration list for PBXNativeTarget "RedditClientUITests" */;
			buildPhases = (
				864905AF25BB657C00D7CF75 /* Sources */,
				864905B025BB657C00D7CF75 /* Frameworks */,
				864905B125BB657C00D7CF75 /* Resources */,
			);
			buildRules = (
			);
			dependencies = (
				864905B525BB657C00D7CF75 /* PBXTargetDependency */,
			);
			name = RedditClientUITests;
			productName = redditClientUITests;
			productReference = 864905B325BB657C00D7CF75 /* RedditClientUITests.xctest */;
			productType = "com.apple.product-type.bundle.ui-testing";
		};
/* End PBXNativeTarget section */

/* Begin PBXProject section */
		8649058F25BB657800D7CF75 /* Project object */ = {
			isa = PBXProject;
			attributes = {
				LastSwiftUpdateCheck = 1230;
				LastUpgradeCheck = 1230;
				TargetAttributes = {
					8649059625BB657800D7CF75 = {
						CreatedOnToolsVersion = 12.3;
					};
					864905A725BB657C00D7CF75 = {
						CreatedOnToolsVersion = 12.3;
						TestTargetID = 8649059625BB657800D7CF75;
					};
					864905B225BB657C00D7CF75 = {
						CreatedOnToolsVersion = 12.3;
						TestTargetID = 8649059625BB657800D7CF75;
					};
				};
			};
			buildConfigurationList = 8649059225BB657800D7CF75 /* Build configuration list for PBXProject "RedditClient" */;
			compatibilityVersion = "Xcode 9.3";
			developmentRegion = en;
			hasScannedForEncodings = 0;
			knownRegions = (
				en,
				Base,
			);
			mainGroup = 8649058E25BB657800D7CF75;
			packageReferences = (
				86A02E7D25C1536600974E4E /* XCRemoteSwiftPackageReference "Alamofire" */,
				8633548025C1E8E100FF661D /* XCRemoteSwiftPackageReference "JGProgressHUD" */,
				86145CD925C5C76D0072A7A6 /* XCRemoteSwiftPackageReference "OAuthSwift" */,
				8641FC1725C84B2F00AB4194 /* XCRemoteSwiftPackageReference "R.swift" */,
			);
			productRefGroup = 8649059825BB657900D7CF75 /* Products */;
			projectDirPath = "";
			projectRoot = "";
			targets = (
				8649059625BB657800D7CF75 /* RedditClient */,
				864905A725BB657C00D7CF75 /* RedditClientTests */,
				864905B225BB657C00D7CF75 /* RedditClientUITests */,
			);
		};
/* End PBXProject section */

/* Begin PBXResourcesBuildPhase section */
		8649059525BB657800D7CF75 /* Resources */ = {
			isa = PBXResourcesBuildPhase;
			buildActionMask = 2147483647;
			files = (
				864905A225BB657C00D7CF75 /* Preview Assets.xcassets in Resources */,
				86E62C7225BD7CA100884675 /* Colors.xcassets in Resources */,
				862690C725BCAFDA00A720C6 /* localizable.strings in Resources */,
				8649059F25BB657C00D7CF75 /* Assets.xcassets in Resources */,
			);
			runOnlyForDeploymentPostprocessing = 0;
		};
		864905A625BB657C00D7CF75 /* Resources */ = {
			isa = PBXResourcesBuildPhase;
			buildActionMask = 2147483647;
			files = (
			);
			runOnlyForDeploymentPostprocessing = 0;
		};
		864905B125BB657C00D7CF75 /* Resources */ = {
			isa = PBXResourcesBuildPhase;
			buildActionMask = 2147483647;
			files = (
			);
			runOnlyForDeploymentPostprocessing = 0;
		};
/* End PBXResourcesBuildPhase section */

/* Begin PBXShellScriptBuildPhase section */
		8646454125BCBD6E00144014 /* R.swift */ = {
			isa = PBXShellScriptBuildPhase;
			buildActionMask = 2147483647;
			files = (
			);
			inputFileListPaths = (
			);
			inputPaths = (
				"$TEMP_DIR/rswift-lastrun",
			);
			name = R.swift;
			outputFileListPaths = (
			);
			outputPaths = (
				$SRCROOT/R.generated.swift,
			);
			runOnlyForDeploymentPostprocessing = 0;
			shellPath = /bin/sh;
			shellScript = "cd BuildTools\nSDKROOT=macosx\nswift run -c release rswift generate \"$SRCROOT/R.generated.swift\"\n";
		};
		864905CA25BB667000D7CF75 /* Run SwiftLint */ = {
			isa = PBXShellScriptBuildPhase;
			buildActionMask = 12;
			files = (
			);
			inputFileListPaths = (
			);
			inputPaths = (
			);
			name = "Run SwiftLint";
			outputFileListPaths = (
			);
			outputPaths = (
			);
			runOnlyForDeploymentPostprocessing = 0;
			shellPath = /bin/sh;
			shellScript = "# Type a script or drag a script file from your workspace to insert its path.\nif [ -z \"$CI\" ]; then\n    ${PODS_ROOT}/SwiftLint/swiftlint\nfi\n";
		};
		86A517B625BC373B0039A0A2 /* SwiftFormat */ = {
			isa = PBXShellScriptBuildPhase;
			buildActionMask = 2147483647;
			files = (
			);
			inputFileListPaths = (
			);
			inputPaths = (
			);
			name = SwiftFormat;
			outputFileListPaths = (
			);
			outputPaths = (
			);
			runOnlyForDeploymentPostprocessing = 0;
			shellPath = /bin/sh;
			shellScript = "# Type a script or drag a script file from your workspace to insert its path.\n\"${PODS_ROOT}/SwiftFormat/CommandLineTool/swiftformat\" \"$SRCROOT\"\n";
		};
		A1D5FE57E6C23BC178071B05 /* [CP] Check Pods Manifest.lock */ = {
			isa = PBXShellScriptBuildPhase;
			buildActionMask = 2147483647;
			files = (
			);
			inputFileListPaths = (
			);
			inputPaths = (
				"${PODS_PODFILE_DIR_PATH}/Podfile.lock",
				"${PODS_ROOT}/Manifest.lock",
			);
			name = "[CP] Check Pods Manifest.lock";
			outputFileListPaths = (
			);
			outputPaths = (
				"$(DERIVED_FILE_DIR)/Pods-RedditClient-checkManifestLockResult.txt",
			);
			runOnlyForDeploymentPostprocessing = 0;
			shellPath = /bin/sh;
			shellScript = "diff \"${PODS_PODFILE_DIR_PATH}/Podfile.lock\" \"${PODS_ROOT}/Manifest.lock\" > /dev/null\nif [ $? != 0 ] ; then\n    # print error to STDERR\n    echo \"error: The sandbox is not in sync with the Podfile.lock. Run 'pod install' or update your CocoaPods installation.\" >&2\n    exit 1\nfi\n# This output is used by Xcode 'outputs' to avoid re-running this script phase.\necho \"SUCCESS\" > \"${SCRIPT_OUTPUT_FILE_0}\"\n";
			showEnvVarsInLog = 0;
		};
/* End PBXShellScriptBuildPhase section */

/* Begin PBXSourcesBuildPhase section */
		8649059325BB657800D7CF75 /* Sources */ = {
			isa = PBXSourcesBuildPhase;
			buildActionMask = 2147483647;
			files = (
				86A02E8325C1563500974E4E /* ClientConstants.swift in Sources */,
				8699C40E25CC3048001F3B98 /* Yarc.xcdatamodeld in Sources */,
				86145D3525C5E9310072A7A6 /* ScenceDelegate.swift in Sources */,
				8699C3E425CB20C4001F3B98 /* Post.swift in Sources */,
				8699C3E625CB20C4001F3B98 /* SubReddits.swift in Sources */,
				86145D4F25C6AA590072A7A6 /* MainView.swift in Sources */,
				86E62C0725BCE8FC00884675 /* ErrorHandling.swift in Sources */,
				86F677E425C6DA7E00A3FB9E /* IntroView.swift in Sources */,
				863A878725C863AF007D7AA3 /* R.generated.swift in Sources */,
				86E62C1825BCE92700884675 /* SubRedditView.swift in Sources */,
				86F677DE25C6DA7300A3FB9E /* IntroViewModel.swift in Sources */,
				8633548725C1EBBE00FF661D /* DataService.swift in Sources */,
				8699C43325CC8082001F3B98 /* ContentView.swift in Sources */,
				8699C43B25CC8CD0001F3B98 /* CoreDataService.swift in Sources */,
				86145D3125C5E8B90072A7A6 /* AppDelegate.swift in Sources */,
				8699C3E525CB20C4001F3B98 /* Profile.swift in Sources */,
				863A878B25C8AC74007D7AA3 /* ImageLoader.swift in Sources */,
				86A02E6F25C0C58800974E4E /* NavigationView.swift in Sources */,
				8699C3FB25CB518C001F3B98 /* LogoView.swift in Sources */,
				86E62C0C25BCE91400884675 /* Entropy.swift in Sources */,
				8699C3FF25CB5198001F3B98 /* CustomButtonView.swift in Sources */,
				86E7B1FA25C6BA2100BA8BB8 /* ColorExtension.swift in Sources */,
			);
			runOnlyForDeploymentPostprocessing = 0;
		};
		864905A425BB657C00D7CF75 /* Sources */ = {
			isa = PBXSourcesBuildPhase;
			buildActionMask = 2147483647;
			files = (
				864905AD25BB657C00D7CF75 /* RedditClientTests.swift in Sources */,
			);
			runOnlyForDeploymentPostprocessing = 0;
		};
		864905AF25BB657C00D7CF75 /* Sources */ = {
			isa = PBXSourcesBuildPhase;
			buildActionMask = 2147483647;
			files = (
				864905B825BB657C00D7CF75 /* RedditClientUITests.swift in Sources */,
			);
			runOnlyForDeploymentPostprocessing = 0;
		};
/* End PBXSourcesBuildPhase section */

/* Begin PBXTargetDependency section */
		864905AA25BB657C00D7CF75 /* PBXTargetDependency */ = {
			isa = PBXTargetDependency;
			target = 8649059625BB657800D7CF75 /* RedditClient */;
			targetProxy = 864905A925BB657C00D7CF75 /* PBXContainerItemProxy */;
		};
		864905B525BB657C00D7CF75 /* PBXTargetDependency */ = {
			isa = PBXTargetDependency;
			target = 8649059625BB657800D7CF75 /* RedditClient */;
			targetProxy = 864905B425BB657C00D7CF75 /* PBXContainerItemProxy */;
		};
/* End PBXTargetDependency section */

/* Begin XCBuildConfiguration section */
		864905BA25BB657C00D7CF75 /* Debug */ = {
			isa = XCBuildConfiguration;
			buildSettings = {
				ALWAYS_SEARCH_USER_PATHS = NO;
				CLANG_ANALYZER_NONNULL = YES;
				CLANG_ANALYZER_NUMBER_OBJECT_CONVERSION = YES_AGGRESSIVE;
				CLANG_CXX_LANGUAGE_STANDARD = "gnu++14";
				CLANG_CXX_LIBRARY = "libc++";
				CLANG_ENABLE_MODULES = YES;
				CLANG_ENABLE_OBJC_ARC = YES;
				CLANG_ENABLE_OBJC_WEAK = YES;
				CLANG_WARN_BLOCK_CAPTURE_AUTORELEASING = YES;
				CLANG_WARN_BOOL_CONVERSION = YES;
				CLANG_WARN_COMMA = YES;
				CLANG_WARN_CONSTANT_CONVERSION = YES;
				CLANG_WARN_DEPRECATED_OBJC_IMPLEMENTATIONS = YES;
				CLANG_WARN_DIRECT_OBJC_ISA_USAGE = YES_ERROR;
				CLANG_WARN_DOCUMENTATION_COMMENTS = YES;
				CLANG_WARN_EMPTY_BODY = YES;
				CLANG_WARN_ENUM_CONVERSION = YES;
				CLANG_WARN_INFINITE_RECURSION = YES;
				CLANG_WARN_INT_CONVERSION = YES;
				CLANG_WARN_NON_LITERAL_NULL_CONVERSION = YES;
				CLANG_WARN_OBJC_IMPLICIT_RETAIN_SELF = YES;
				CLANG_WARN_OBJC_LITERAL_CONVERSION = YES;
				CLANG_WARN_OBJC_ROOT_CLASS = YES_ERROR;
				CLANG_WARN_QUOTED_INCLUDE_IN_FRAMEWORK_HEADER = YES;
				CLANG_WARN_RANGE_LOOP_ANALYSIS = YES;
				CLANG_WARN_STRICT_PROTOTYPES = YES;
				CLANG_WARN_SUSPICIOUS_MOVE = YES;
				CLANG_WARN_UNGUARDED_AVAILABILITY = YES_AGGRESSIVE;
				CLANG_WARN_UNREACHABLE_CODE = YES;
				CLANG_WARN__DUPLICATE_METHOD_MATCH = YES;
				COPY_PHASE_STRIP = NO;
				DEBUG_INFORMATION_FORMAT = dwarf;
				ENABLE_STRICT_OBJC_MSGSEND = YES;
				ENABLE_TESTABILITY = YES;
				GCC_C_LANGUAGE_STANDARD = gnu11;
				GCC_DYNAMIC_NO_PIC = NO;
				GCC_NO_COMMON_BLOCKS = YES;
				GCC_OPTIMIZATION_LEVEL = 0;
				GCC_PREPROCESSOR_DEFINITIONS = (
					"DEBUG=1",
					"$(inherited)",
				);
				GCC_WARN_64_TO_32_BIT_CONVERSION = YES;
				GCC_WARN_ABOUT_RETURN_TYPE = YES_ERROR;
				GCC_WARN_UNDECLARED_SELECTOR = YES;
				GCC_WARN_UNINITIALIZED_AUTOS = YES_AGGRESSIVE;
				GCC_WARN_UNUSED_FUNCTION = YES;
				GCC_WARN_UNUSED_VARIABLE = YES;
				IPHONEOS_DEPLOYMENT_TARGET = 14.3;
				MTL_ENABLE_DEBUG_INFO = INCLUDE_SOURCE;
				MTL_FAST_MATH = YES;
				ONLY_ACTIVE_ARCH = YES;
				SDKROOT = iphoneos;
				SWIFT_ACTIVE_COMPILATION_CONDITIONS = DEBUG;
				SWIFT_OPTIMIZATION_LEVEL = "-Onone";
			};
			name = Debug;
		};
		864905BB25BB657C00D7CF75 /* Release */ = {
			isa = XCBuildConfiguration;
			buildSettings = {
				ALWAYS_SEARCH_USER_PATHS = NO;
				CLANG_ANALYZER_NONNULL = YES;
				CLANG_ANALYZER_NUMBER_OBJECT_CONVERSION = YES_AGGRESSIVE;
				CLANG_CXX_LANGUAGE_STANDARD = "gnu++14";
				CLANG_CXX_LIBRARY = "libc++";
				CLANG_ENABLE_MODULES = YES;
				CLANG_ENABLE_OBJC_ARC = YES;
				CLANG_ENABLE_OBJC_WEAK = YES;
				CLANG_WARN_BLOCK_CAPTURE_AUTORELEASING = YES;
				CLANG_WARN_BOOL_CONVERSION = YES;
				CLANG_WARN_COMMA = YES;
				CLANG_WARN_CONSTANT_CONVERSION = YES;
				CLANG_WARN_DEPRECATED_OBJC_IMPLEMENTATIONS = YES;
				CLANG_WARN_DIRECT_OBJC_ISA_USAGE = YES_ERROR;
				CLANG_WARN_DOCUMENTATION_COMMENTS = YES;
				CLANG_WARN_EMPTY_BODY = YES;
				CLANG_WARN_ENUM_CONVERSION = YES;
				CLANG_WARN_INFINITE_RECURSION = YES;
				CLANG_WARN_INT_CONVERSION = YES;
				CLANG_WARN_NON_LITERAL_NULL_CONVERSION = YES;
				CLANG_WARN_OBJC_IMPLICIT_RETAIN_SELF = YES;
				CLANG_WARN_OBJC_LITERAL_CONVERSION = YES;
				CLANG_WARN_OBJC_ROOT_CLASS = YES_ERROR;
				CLANG_WARN_QUOTED_INCLUDE_IN_FRAMEWORK_HEADER = YES;
				CLANG_WARN_RANGE_LOOP_ANALYSIS = YES;
				CLANG_WARN_STRICT_PROTOTYPES = YES;
				CLANG_WARN_SUSPICIOUS_MOVE = YES;
				CLANG_WARN_UNGUARDED_AVAILABILITY = YES_AGGRESSIVE;
				CLANG_WARN_UNREACHABLE_CODE = YES;
				CLANG_WARN__DUPLICATE_METHOD_MATCH = YES;
				COPY_PHASE_STRIP = NO;
				DEBUG_INFORMATION_FORMAT = "dwarf-with-dsym";
				ENABLE_NS_ASSERTIONS = NO;
				ENABLE_STRICT_OBJC_MSGSEND = YES;
				GCC_C_LANGUAGE_STANDARD = gnu11;
				GCC_NO_COMMON_BLOCKS = YES;
				GCC_WARN_64_TO_32_BIT_CONVERSION = YES;
				GCC_WARN_ABOUT_RETURN_TYPE = YES_ERROR;
				GCC_WARN_UNDECLARED_SELECTOR = YES;
				GCC_WARN_UNINITIALIZED_AUTOS = YES_AGGRESSIVE;
				GCC_WARN_UNUSED_FUNCTION = YES;
				GCC_WARN_UNUSED_VARIABLE = YES;
				IPHONEOS_DEPLOYMENT_TARGET = 14.3;
				MTL_ENABLE_DEBUG_INFO = NO;
				MTL_FAST_MATH = YES;
				SDKROOT = iphoneos;
				SWIFT_COMPILATION_MODE = wholemodule;
				SWIFT_OPTIMIZATION_LEVEL = "-O";
				VALIDATE_PRODUCT = YES;
			};
			name = Release;
		};
		864905BD25BB657C00D7CF75 /* Debug */ = {
			isa = XCBuildConfiguration;
			baseConfigurationReference = 103CF56108D186D68701EBB1 /* Pods-RedditClient.debug.xcconfig */;
			buildSettings = {
				ASSETCATALOG_COMPILER_APPICON_NAME = AppIcon;
				ASSETCATALOG_COMPILER_GLOBAL_ACCENT_COLOR_NAME = AccentColor;
				CODE_SIGN_STYLE = Automatic;
				DEVELOPMENT_ASSET_PATHS = "\"redditClient/Preview Content\"";
				DEVELOPMENT_TEAM = VA49U6XNKH;
				ENABLE_PREVIEWS = YES;
				INFOPLIST_FILE = redditClient/Info.plist;
				IPHONEOS_DEPLOYMENT_TARGET = 14.0;
				LD_RUNPATH_SEARCH_PATHS = (
					"$(inherited)",
					"@executable_path/Frameworks",
				);
				PRODUCT_BUNDLE_IDENTIFIER = mkroneder.redditClient;
				PRODUCT_NAME = "$(TARGET_NAME)";
				SWIFT_VERSION = 5.0;
				TARGETED_DEVICE_FAMILY = "1,2";
			};
			name = Debug;
		};
		864905BE25BB657C00D7CF75 /* Release */ = {
			isa = XCBuildConfiguration;
			baseConfigurationReference = BF6576282AC91F0B3A7D0CE9 /* Pods-RedditClient.release.xcconfig */;
			buildSettings = {
				ASSETCATALOG_COMPILER_APPICON_NAME = AppIcon;
				ASSETCATALOG_COMPILER_GLOBAL_ACCENT_COLOR_NAME = AccentColor;
				CODE_SIGN_STYLE = Automatic;
				DEVELOPMENT_ASSET_PATHS = "\"redditClient/Preview Content\"";
				DEVELOPMENT_TEAM = VA49U6XNKH;
				ENABLE_PREVIEWS = YES;
				INFOPLIST_FILE = redditClient/Info.plist;
				IPHONEOS_DEPLOYMENT_TARGET = 14.0;
				LD_RUNPATH_SEARCH_PATHS = (
					"$(inherited)",
					"@executable_path/Frameworks",
				);
				PRODUCT_BUNDLE_IDENTIFIER = mkroneder.redditClient;
				PRODUCT_NAME = "$(TARGET_NAME)";
				SWIFT_VERSION = 5.0;
				TARGETED_DEVICE_FAMILY = "1,2";
			};
			name = Release;
		};
		864905C025BB657C00D7CF75 /* Debug */ = {
			isa = XCBuildConfiguration;
			buildSettings = {
				ALWAYS_EMBED_SWIFT_STANDARD_LIBRARIES = YES;
				BUNDLE_LOADER = "$(TEST_HOST)";
				CODE_SIGN_STYLE = Automatic;
				DEVELOPMENT_TEAM = VA49U6XNKH;
				INFOPLIST_FILE = redditClientTests/Info.plist;
				IPHONEOS_DEPLOYMENT_TARGET = 14.0;
				LD_RUNPATH_SEARCH_PATHS = (
					"$(inherited)",
					"@executable_path/Frameworks",
					"@loader_path/Frameworks",
				);
				PRODUCT_BUNDLE_IDENTIFIER = mkroneder.redditClientTests;
				PRODUCT_NAME = "$(TARGET_NAME)";
				SWIFT_VERSION = 5.0;
				TARGETED_DEVICE_FAMILY = "1,2";
				TEST_HOST = "$(BUILT_PRODUCTS_DIR)/RedditClient.app/RedditClient";
			};
			name = Debug;
		};
		864905C125BB657C00D7CF75 /* Release */ = {
			isa = XCBuildConfiguration;
			buildSettings = {
				ALWAYS_EMBED_SWIFT_STANDARD_LIBRARIES = YES;
				BUNDLE_LOADER = "$(TEST_HOST)";
				CODE_SIGN_STYLE = Automatic;
				DEVELOPMENT_TEAM = VA49U6XNKH;
				INFOPLIST_FILE = redditClientTests/Info.plist;
				IPHONEOS_DEPLOYMENT_TARGET = 14.0;
				LD_RUNPATH_SEARCH_PATHS = (
					"$(inherited)",
					"@executable_path/Frameworks",
					"@loader_path/Frameworks",
				);
				PRODUCT_BUNDLE_IDENTIFIER = mkroneder.redditClientTests;
				PRODUCT_NAME = "$(TARGET_NAME)";
				SWIFT_VERSION = 5.0;
				TARGETED_DEVICE_FAMILY = "1,2";
				TEST_HOST = "$(BUILT_PRODUCTS_DIR)/RedditClient.app/RedditClient";
			};
			name = Release;
		};
		864905C325BB657C00D7CF75 /* Debug */ = {
			isa = XCBuildConfiguration;
			buildSettings = {
				ALWAYS_EMBED_SWIFT_STANDARD_LIBRARIES = YES;
				CODE_SIGN_STYLE = Automatic;
				DEVELOPMENT_TEAM = VA49U6XNKH;
				INFOPLIST_FILE = redditClientUITests/Info.plist;
				LD_RUNPATH_SEARCH_PATHS = (
					"$(inherited)",
					"@executable_path/Frameworks",
					"@loader_path/Frameworks",
				);
				PRODUCT_BUNDLE_IDENTIFIER = mkroneder.redditClientUITests;
				PRODUCT_NAME = "$(TARGET_NAME)";
				SWIFT_VERSION = 5.0;
				TARGETED_DEVICE_FAMILY = "1,2";
				TEST_TARGET_NAME = redditClient;
			};
			name = Debug;
		};
		864905C425BB657C00D7CF75 /* Release */ = {
			isa = XCBuildConfiguration;
			buildSettings = {
				ALWAYS_EMBED_SWIFT_STANDARD_LIBRARIES = YES;
				CODE_SIGN_STYLE = Automatic;
				DEVELOPMENT_TEAM = VA49U6XNKH;
				INFOPLIST_FILE = redditClientUITests/Info.plist;
				LD_RUNPATH_SEARCH_PATHS = (
					"$(inherited)",
					"@executable_path/Frameworks",
					"@loader_path/Frameworks",
				);
				PRODUCT_BUNDLE_IDENTIFIER = mkroneder.redditClientUITests;
				PRODUCT_NAME = "$(TARGET_NAME)";
				SWIFT_VERSION = 5.0;
				TARGETED_DEVICE_FAMILY = "1,2";
				TEST_TARGET_NAME = redditClient;
			};
			name = Release;
		};
/* End XCBuildConfiguration section */

/* Begin XCConfigurationList section */
		8649059225BB657800D7CF75 /* Build configuration list for PBXProject "RedditClient" */ = {
			isa = XCConfigurationList;
			buildConfigurations = (
				864905BA25BB657C00D7CF75 /* Debug */,
				864905BB25BB657C00D7CF75 /* Release */,
			);
			defaultConfigurationIsVisible = 0;
			defaultConfigurationName = Release;
		};
		864905BC25BB657C00D7CF75 /* Build configuration list for PBXNativeTarget "RedditClient" */ = {
			isa = XCConfigurationList;
			buildConfigurations = (
				864905BD25BB657C00D7CF75 /* Debug */,
				864905BE25BB657C00D7CF75 /* Release */,
			);
			defaultConfigurationIsVisible = 0;
			defaultConfigurationName = Release;
		};
		864905BF25BB657C00D7CF75 /* Build configuration list for PBXNativeTarget "RedditClientTests" */ = {
			isa = XCConfigurationList;
			buildConfigurations = (
				864905C025BB657C00D7CF75 /* Debug */,
				864905C125BB657C00D7CF75 /* Release */,
			);
			defaultConfigurationIsVisible = 0;
			defaultConfigurationName = Release;
		};
		864905C225BB657C00D7CF75 /* Build configuration list for PBXNativeTarget "RedditClientUITests" */ = {
			isa = XCConfigurationList;
			buildConfigurations = (
				864905C325BB657C00D7CF75 /* Debug */,
				864905C425BB657C00D7CF75 /* Release */,
			);
			defaultConfigurationIsVisible = 0;
			defaultConfigurationName = Release;
		};
/* End XCConfigurationList section */

/* Begin XCRemoteSwiftPackageReference section */
		86145CD925C5C76D0072A7A6 /* XCRemoteSwiftPackageReference "OAuthSwift" */ = {
			isa = XCRemoteSwiftPackageReference;
			repositoryURL = "https://github.com/OAuthSwift/OAuthSwift.git";
			requirement = {
				kind = upToNextMajorVersion;
				minimumVersion = 2.1.2;
			};
		};
		8633548025C1E8E100FF661D /* XCRemoteSwiftPackageReference "JGProgressHUD" */ = {
			isa = XCRemoteSwiftPackageReference;
			repositoryURL = "https://github.com/JonasGessner/JGProgressHUD.git";
			requirement = {
				kind = upToNextMajorVersion;
				minimumVersion = 2.2.0;
			};
		};
		8641FC1725C84B2F00AB4194 /* XCRemoteSwiftPackageReference "R.swift" */ = {
			isa = XCRemoteSwiftPackageReference;
			repositoryURL = "https://github.com/mac-cain13/R.swift.Library";
			requirement = {
				kind = upToNextMajorVersion;
				minimumVersion = 5.3.0;
			};
		};
		86A02E7D25C1536600974E4E /* XCRemoteSwiftPackageReference "Alamofire" */ = {
			isa = XCRemoteSwiftPackageReference;
			repositoryURL = "https://github.com/Alamofire/Alamofire.git";
			requirement = {
				kind = upToNextMajorVersion;
				minimumVersion = 5.4.1;
			};
		};
/* End XCRemoteSwiftPackageReference section */

/* Begin XCSwiftPackageProductDependency section */
		86145CDA25C5C76D0072A7A6 /* OAuthSwift */ = {
			isa = XCSwiftPackageProductDependency;
			package = 86145CD925C5C76D0072A7A6 /* XCRemoteSwiftPackageReference "OAuthSwift" */;
			productName = OAuthSwift;
		};
		8633548125C1E8E100FF661D /* JGProgressHUD */ = {
			isa = XCSwiftPackageProductDependency;
			package = 8633548025C1E8E100FF661D /* XCRemoteSwiftPackageReference "JGProgressHUD" */;
			productName = JGProgressHUD;
		};
		8641FC1825C84B2F00AB4194 /* Rswift */ = {
			isa = XCSwiftPackageProductDependency;
			package = 8641FC1725C84B2F00AB4194 /* XCRemoteSwiftPackageReference "R.swift" */;
			productName = Rswift;
		};
		86A02E7E25C1536600974E4E /* Alamofire */ = {
			isa = XCSwiftPackageProductDependency;
			package = 86A02E7D25C1536600974E4E /* XCRemoteSwiftPackageReference "Alamofire" */;
			productName = Alamofire;
		};
/* End XCSwiftPackageProductDependency section */

/* Begin XCVersionGroup section */
		8699C40C25CC3048001F3B98 /* Yarc.xcdatamodeld */ = {
			isa = XCVersionGroup;
			children = (
				8699C40D25CC3048001F3B98 /* Yarc.xcdatamodel */,
			);
			currentVersion = 8699C40D25CC3048001F3B98 /* Yarc.xcdatamodel */;
			path = Yarc.xcdatamodeld;
			sourceTree = "<group>";
			versionGroupType = wrapper.xcdatamodel;
		};
/* End XCVersionGroup section */
	};
	rootObject = 8649058F25BB657800D7CF75 /* Project object */;
}
